// !$*UTF8*$!
{
	archiveVersion = 1;
	classes = {
	};
	objectVersion = 50;
	objects = {

/* Begin PBXBuildFile section */
		3D26C80928DA028C0099CF76 /* AppDelegate.swift in Sources */ = {isa = PBXBuildFile; fileRef = 3D26C80828DA028C0099CF76 /* AppDelegate.swift */; };
		3D26C80B28DA028C0099CF76 /* SceneDelegate.swift in Sources */ = {isa = PBXBuildFile; fileRef = 3D26C80A28DA028C0099CF76 /* SceneDelegate.swift */; };
		3D26C80D28DA028C0099CF76 /* PeliculasController.swift in Sources */ = {isa = PBXBuildFile; fileRef = 3D26C80C28DA028C0099CF76 /* PeliculasController.swift */; };
		3D26C81028DA028C0099CF76 /* Main.storyboard in Resources */ = {isa = PBXBuildFile; fileRef = 3D26C80E28DA028C0099CF76 /* Main.storyboard */; };
		3D26C81228DA02900099CF76 /* Assets.xcassets in Resources */ = {isa = PBXBuildFile; fileRef = 3D26C81128DA02900099CF76 /* Assets.xcassets */; };
		3D26C81528DA02900099CF76 /* LaunchScreen.storyboard in Resources */ = {isa = PBXBuildFile; fileRef = 3D26C81328DA02900099CF76 /* LaunchScreen.storyboard */; };
		3D26C82028DA02900099CF76 /* tableviewTests.swift in Sources */ = {isa = PBXBuildFile; fileRef = 3D26C81F28DA02900099CF76 /* tableviewTests.swift */; };
		3D26C82B28DA02900099CF76 /* tableviewUITests.swift in Sources */ = {isa = PBXBuildFile; fileRef = 3D26C82A28DA02900099CF76 /* tableviewUITests.swift */; };
		3D26C83928DA042B0099CF76 /* Pelicula.swift in Sources */ = {isa = PBXBuildFile; fileRef = 3D26C83828DA042B0099CF76 /* Pelicula.swift */; };
		3D26C84128DA179F0099CF76 /* CeldaPeliculaController.swift in Sources */ = {isa = PBXBuildFile; fileRef = 3D26C84028DA179F0099CF76 /* CeldaPeliculaController.swift */; };
/* End PBXBuildFile section */

/* Begin PBXContainerItemProxy section */
		3D26C81C28DA02900099CF76 /* PBXContainerItemProxy */ = {
			isa = PBXContainerItemProxy;
			containerPortal = 3D26C7FD28DA028B0099CF76 /* Project object */;
			proxyType = 1;
			remoteGlobalIDString = 3D26C80428DA028B0099CF76;
			remoteInfo = tableview;
		};
		3D26C82728DA02900099CF76 /* PBXContainerItemProxy */ = {
			isa = PBXContainerItemProxy;
			containerPortal = 3D26C7FD28DA028B0099CF76 /* Project object */;
			proxyType = 1;
			remoteGlobalIDString = 3D26C80428DA028B0099CF76;
			remoteInfo = tableview;
		};
/* End PBXContainerItemProxy section */

/* Begin PBXFileReference section */
		3D26C80528DA028B0099CF76 /* tableview.app */ = {isa = PBXFileReference; explicitFileType = wrapper.application; includeInIndex = 0; path = tableview.app; sourceTree = BUILT_PRODUCTS_DIR; };
		3D26C80828DA028C0099CF76 /* AppDelegate.swift */ = {isa = PBXFileReference; lastKnownFileType = sourcecode.swift; path = AppDelegate.swift; sourceTree = "<group>"; };
		3D26C80A28DA028C0099CF76 /* SceneDelegate.swift */ = {isa = PBXFileReference; lastKnownFileType = sourcecode.swift; path = SceneDelegate.swift; sourceTree = "<group>"; };
		3D26C80C28DA028C0099CF76 /* PeliculasController.swift */ = {isa = PBXFileReference; lastKnownFileType = sourcecode.swift; path = PeliculasController.swift; sourceTree = "<group>"; };
		3D26C80F28DA028C0099CF76 /* Base */ = {isa = PBXFileReference; lastKnownFileType = file.storyboard; name = Base; path = Base.lproj/Main.storyboard; sourceTree = "<group>"; };
		3D26C81128DA02900099CF76 /* Assets.xcassets */ = {isa = PBXFileReference; lastKnownFileType = folder.assetcatalog; path = Assets.xcassets; sourceTree = "<group>"; };
		3D26C81428DA02900099CF76 /* Base */ = {isa = PBXFileReference; lastKnownFileType = file.storyboard; name = Base; path = Base.lproj/LaunchScreen.storyboard; sourceTree = "<group>"; };
		3D26C81628DA02900099CF76 /* Info.plist */ = {isa = PBXFileReference; lastKnownFileType = text.plist.xml; path = Info.plist; sourceTree = "<group>"; };
		3D26C81B28DA02900099CF76 /* tableviewTests.xctest */ = {isa = PBXFileReference; explicitFileType = wrapper.cfbundle; includeInIndex = 0; path = tableviewTests.xctest; sourceTree = BUILT_PRODUCTS_DIR; };
		3D26C81F28DA02900099CF76 /* tableviewTests.swift */ = {isa = PBXFileReference; lastKnownFileType = sourcecode.swift; path = tableviewTests.swift; sourceTree = "<group>"; };
		3D26C82128DA02900099CF76 /* Info.plist */ = {isa = PBXFileReference; lastKnownFileType = text.plist.xml; path = Info.plist; sourceTree = "<group>"; };
		3D26C82628DA02900099CF76 /* tableviewUITests.xctest */ = {isa = PBXFileReference; explicitFileType = wrapper.cfbundle; includeInIndex = 0; path = tableviewUITests.xctest; sourceTree = BUILT_PRODUCTS_DIR; };
		3D26C82A28DA02900099CF76 /* tableviewUITests.swift */ = {isa = PBXFileReference; lastKnownFileType = sourcecode.swift; path = tableviewUITests.swift; sourceTree = "<group>"; };
		3D26C82C28DA02900099CF76 /* Info.plist */ = {isa = PBXFileReference; lastKnownFileType = text.plist.xml; path = Info.plist; sourceTree = "<group>"; };
		3D26C83828DA042B0099CF76 /* Pelicula.swift */ = {isa = PBXFileReference; lastKnownFileType = sourcecode.swift; path = Pelicula.swift; sourceTree = "<group>"; };
		3D26C84028DA179F0099CF76 /* CeldaPeliculaController.swift */ = {isa = PBXFileReference; lastKnownFileType = sourcecode.swift; path = CeldaPeliculaController.swift; sourceTree = "<group>"; };
/* End PBXFileReference section */

/* Begin PBXFrameworksBuildPhase section */
		3D26C80228DA028B0099CF76 /* Frameworks */ = {
			isa = PBXFrameworksBuildPhase;
			buildActionMask = 2147483647;
			files = (
			);
			runOnlyForDeploymentPostprocessing = 0;
		};
		3D26C81828DA02900099CF76 /* Frameworks */ = {
			isa = PBXFrameworksBuildPhase;
			buildActionMask = 2147483647;
			files = (
			);
			runOnlyForDeploymentPostprocessing = 0;
		};
		3D26C82328DA02900099CF76 /* Frameworks */ = {
			isa = PBXFrameworksBuildPhase;
			buildActionMask = 2147483647;
			files = (
			);
			runOnlyForDeploymentPostprocessing = 0;
		};
/* End PBXFrameworksBuildPhase section */

/* Begin PBXGroup section */
		3D26C7FC28DA028B0099CF76 = {
			isa = PBXGroup;
			children = (
				3D26C80728DA028B0099CF76 /* tableview */,
				3D26C81E28DA02900099CF76 /* tableviewTests */,
				3D26C82928DA02900099CF76 /* tableviewUITests */,
				3D26C80628DA028B0099CF76 /* Products */,
			);
			sourceTree = "<group>";
		};
		3D26C80628DA028B0099CF76 /* Products */ = {
			isa = PBXGroup;
			children = (
				3D26C80528DA028B0099CF76 /* tableview.app */,
				3D26C81B28DA02900099CF76 /* tableviewTests.xctest */,
				3D26C82628DA02900099CF76 /* tableviewUITests.xctest */,
			);
			name = Products;
			sourceTree = "<group>";
		};
		3D26C80728DA028B0099CF76 /* tableview */ = {
			isa = PBXGroup;
			children = (
				3D26C83F28DA06560099CF76 /* Recursos */,
				3D26C83E28DA06360099CF76 /* app */,
				3D26C83D28DA05EC0099CF76 /* Controladores */,
				3D26C83C28DA05B30099CF76 /* Vistas */,
				3D26C83A28DA05530099CF76 /* Modelos */,
			);
			path = tableview;
			sourceTree = "<group>";
		};
		3D26C81E28DA02900099CF76 /* tableviewTests */ = {
			isa = PBXGroup;
			children = (
				3D26C81F28DA02900099CF76 /* tableviewTests.swift */,
				3D26C82128DA02900099CF76 /* Info.plist */,
			);
			path = tableviewTests;
			sourceTree = "<group>";
		};
		3D26C82928DA02900099CF76 /* tableviewUITests */ = {
			isa = PBXGroup;
			children = (
				3D26C82A28DA02900099CF76 /* tableviewUITests.swift */,
				3D26C82C28DA02900099CF76 /* Info.plist */,
			);
			path = tableviewUITests;
			sourceTree = "<group>";
		};
		3D26C83A28DA05530099CF76 /* Modelos */ = {
			isa = PBXGroup;
			children = (
				3D26C83828DA042B0099CF76 /* Pelicula.swift */,
			);
			name = Modelos;
			sourceTree = "<group>";
		};
		3D26C83C28DA05B30099CF76 /* Vistas */ = {
			isa = PBXGroup;
			children = (
				3D26C81328DA02900099CF76 /* LaunchScreen.storyboard */,
				3D26C80E28DA028C0099CF76 /* Main.storyboard */,
			);
			name = Vistas;
			sourceTree = "<group>";
		};
		3D26C83D28DA05EC0099CF76 /* Controladores */ = {
			isa = PBXGroup;
			children = (
				3D26C80C28DA028C0099CF76 /* PeliculasController.swift */,
				3D26C84028DA179F0099CF76 /* CeldaPeliculaController.swift */,
			);
			name = Controladores;
			sourceTree = "<group>";
		};
		3D26C83E28DA06360099CF76 /* app */ = {
			isa = PBXGroup;
			children = (
				3D26C81628DA02900099CF76 /* Info.plist */,
				3D26C80828DA028C0099CF76 /* AppDelegate.swift */,
				3D26C80A28DA028C0099CF76 /* SceneDelegate.swift */,
			);
			name = app;
			sourceTree = "<group>";
		};
		3D26C83F28DA06560099CF76 /* Recursos */ = {
			isa = PBXGroup;
			children = (
				3D26C81128DA02900099CF76 /* Assets.xcassets */,
			);
			name = Recursos;
			sourceTree = "<group>";
		};
/* End PBXGroup section */

/* Begin PBXNativeTarget section */
		3D26C80428DA028B0099CF76 /* tableview */ = {
			isa = PBXNativeTarget;
			buildConfigurationList = 3D26C82F28DA02900099CF76 /* Build configuration list for PBXNativeTarget "tableview" */;
			buildPhases = (
				3D26C80128DA028B0099CF76 /* Sources */,
				3D26C80228DA028B0099CF76 /* Frameworks */,
				3D26C80328DA028B0099CF76 /* Resources */,
			);
			buildRules = (
			);
			dependencies = (
			);
			name = tableview;
			productName = tableview;
			productReference = 3D26C80528DA028B0099CF76 /* tableview.app */;
			productType = "com.apple.product-type.application";
		};
		3D26C81A28DA02900099CF76 /* tableviewTests */ = {
			isa = PBXNativeTarget;
			buildConfigurationList = 3D26C83228DA02900099CF76 /* Build configuration list for PBXNativeTarget "tableviewTests" */;
			buildPhases = (
				3D26C81728DA02900099CF76 /* Sources */,
				3D26C81828DA02900099CF76 /* Frameworks */,
				3D26C81928DA02900099CF76 /* Resources */,
			);
			buildRules = (
			);
			dependencies = (
				3D26C81D28DA02900099CF76 /* PBXTargetDependency */,
			);
			name = tableviewTests;
			productName = tableviewTests;
			productReference = 3D26C81B28DA02900099CF76 /* tableviewTests.xctest */;
			productType = "com.apple.product-type.bundle.unit-test";
		};
		3D26C82528DA02900099CF76 /* tableviewUITests */ = {
			isa = PBXNativeTarget;
			buildConfigurationList = 3D26C83528DA02900099CF76 /* Build configuration list for PBXNativeTarget "tableviewUITests" */;
			buildPhases = (
				3D26C82228DA02900099CF76 /* Sources */,
				3D26C82328DA02900099CF76 /* Frameworks */,
				3D26C82428DA02900099CF76 /* Resources */,
			);
			buildRules = (
			);
			dependencies = (
				3D26C82828DA02900099CF76 /* PBXTargetDependency */,
			);
			name = tableviewUITests;
			productName = tableviewUITests;
			productReference = 3D26C82628DA02900099CF76 /* tableviewUITests.xctest */;
			productType = "com.apple.product-type.bundle.ui-testing";
		};
/* End PBXNativeTarget section */

/* Begin PBXProject section */
		3D26C7FD28DA028B0099CF76 /* Project object */ = {
			isa = PBXProject;
			attributes = {
				LastSwiftUpdateCheck = 1130;
				LastUpgradeCheck = 1130;
				ORGANIZATIONNAME = Alumno;
				TargetAttributes = {
					3D26C80428DA028B0099CF76 = {
						CreatedOnToolsVersion = 11.3.1;
					};
					3D26C81A28DA02900099CF76 = {
						CreatedOnToolsVersion = 11.3.1;
						TestTargetID = 3D26C80428DA028B0099CF76;
					};
					3D26C82528DA02900099CF76 = {
						CreatedOnToolsVersion = 11.3.1;
						TestTargetID = 3D26C80428DA028B0099CF76;
					};
				};
			};
			buildConfigurationList = 3D26C80028DA028B0099CF76 /* Build configuration list for PBXProject "tableview" */;
			compatibilityVersion = "Xcode 9.3";
			developmentRegion = en;
			hasScannedForEncodings = 0;
			knownRegions = (
				en,
				Base,
			);
			mainGroup = 3D26C7FC28DA028B0099CF76;
			productRefGroup = 3D26C80628DA028B0099CF76 /* Products */;
			projectDirPath = "";
			projectRoot = "";
			targets = (
				3D26C80428DA028B0099CF76 /* tableview */,
				3D26C81A28DA02900099CF76 /* tableviewTests */,
				3D26C82528DA02900099CF76 /* tableviewUITests */,
			);
		};
/* End PBXProject section */

/* Begin PBXResourcesBuildPhase section */
		3D26C80328DA028B0099CF76 /* Resources */ = {
			isa = PBXResourcesBuildPhase;
			buildActionMask = 2147483647;
			files = (
				3D26C81528DA02900099CF76 /* LaunchScreen.storyboard in Resources */,
				3D26C81228DA02900099CF76 /* Assets.xcassets in Resources */,
				3D26C81028DA028C0099CF76 /* Main.storyboard in Resources */,
			);
			runOnlyForDeploymentPostprocessing = 0;
		};
		3D26C81928DA02900099CF76 /* Resources */ = {
			isa = PBXResourcesBuildPhase;
			buildActionMask = 2147483647;
			files = (
			);
			runOnlyForDeploymentPostprocessing = 0;
		};
		3D26C82428DA02900099CF76 /* Resources */ = {
			isa = PBXResourcesBuildPhase;
			buildActionMask = 2147483647;
			files = (
			);
			runOnlyForDeploymentPostprocessing = 0;
		};
/* End PBXResourcesBuildPhase section */

/* Begin PBXSourcesBuildPhase section */
		3D26C80128DA028B0099CF76 /* Sources */ = {
			isa = PBXSourcesBuildPhase;
			buildActionMask = 2147483647;
			files = (
				3D26C83928DA042B0099CF76 /* Pelicula.swift in Sources */,
				3D26C80D28DA028C0099CF76 /* PeliculasController.swift in Sources */,
				3D26C80928DA028C0099CF76 /* AppDelegate.swift in Sources */,
				3D26C80B28DA028C0099CF76 /* SceneDelegate.swift in Sources */,
				3D26C84128DA179F0099CF76 /* CeldaPeliculaController.swift in Sources */,
			);
			runOnlyForDeploymentPostprocessing = 0;
		};
		3D26C81728DA02900099CF76 /* Sources */ = {
			isa = PBXSourcesBuildPhase;
			buildActionMask = 2147483647;
			files = (
				3D26C82028DA02900099CF76 /* tableviewTests.swift in Sources */,
			);
			runOnlyForDeploymentPostprocessing = 0;
		};
		3D26C82228DA02900099CF76 /* Sources */ = {
			isa = PBXSourcesBuildPhase;
			buildActionMask = 2147483647;
			files = (
				3D26C82B28DA02900099CF76 /* tableviewUITests.swift in Sources */,
			);
			runOnlyForDeploymentPostprocessing = 0;
		};
/* End PBXSourcesBuildPhase section */

/* Begin PBXTargetDependency section */
		3D26C81D28DA02900099CF76 /* PBXTargetDependency */ = {
			isa = PBXTargetDependency;
			target = 3D26C80428DA028B0099CF76 /* tableview */;
			targetProxy = 3D26C81C28DA02900099CF76 /* PBXContainerItemProxy */;
		};
		3D26C82828DA02900099CF76 /* PBXTargetDependency */ = {
			isa = PBXTargetDependency;
			target = 3D26C80428DA028B0099CF76 /* tableview */;
			targetProxy = 3D26C82728DA02900099CF76 /* PBXContainerItemProxy */;
		};
/* End PBXTargetDependency section */

/* Begin PBXVariantGroup section */
		3D26C80E28DA028C0099CF76 /* Main.storyboard */ = {
			isa = PBXVariantGroup;
			children = (
				3D26C80F28DA028C0099CF76 /* Base */,
			);
			name = Main.storyboard;
			sourceTree = "<group>";
		};
		3D26C81328DA02900099CF76 /* LaunchScreen.storyboard */ = {
			isa = PBXVariantGroup;
			children = (
				3D26C81428DA02900099CF76 /* Base */,
			);
			name = LaunchScreen.storyboard;
			sourceTree = "<group>";
		};
/* End PBXVariantGroup section */

/* Begin XCBuildConfiguration section */
		3D26C82D28DA02900099CF76 /* Debug */ = {
			isa = XCBuildConfiguration;
			buildSettings = {
				ALWAYS_SEARCH_USER_PATHS = NO;
				CLANG_ANALYZER_NONNULL = YES;
				CLANG_ANALYZER_NUMBER_OBJECT_CONVERSION = YES_AGGRESSIVE;
				CLANG_CXX_LANGUAGE_STANDARD = "gnu++14";
				CLANG_CXX_LIBRARY = "libc++";
				CLANG_ENABLE_MODULES = YES;
				CLANG_ENABLE_OBJC_ARC = YES;
				CLANG_ENABLE_OBJC_WEAK = YES;
				CLANG_WARN_BLOCK_CAPTURE_AUTORELEASING = YES;
				CLANG_WARN_BOOL_CONVERSION = YES;
				CLANG_WARN_COMMA = YES;
				CLANG_WARN_CONSTANT_CONVERSION = YES;
				CLANG_WARN_DEPRECATED_OBJC_IMPLEMENTATIONS = YES;
				CLANG_WARN_DIRECT_OBJC_ISA_USAGE = YES_ERROR;
				CLANG_WARN_DOCUMENTATION_COMMENTS = YES;
				CLANG_WARN_EMPTY_BODY = YES;
				CLANG_WARN_ENUM_CONVERSION = YES;
				CLANG_WARN_INFINITE_RECURSION = YES;
				CLANG_WARN_INT_CONVERSION = YES;
				CLANG_WARN_NON_LITERAL_NULL_CONVERSION = YES;
				CLANG_WARN_OBJC_IMPLICIT_RETAIN_SELF = YES;
				CLANG_WARN_OBJC_LITERAL_CONVERSION = YES;
				CLANG_WARN_OBJC_ROOT_CLASS = YES_ERROR;
				CLANG_WARN_RANGE_LOOP_ANALYSIS = YES;
				CLANG_WARN_STRICT_PROTOTYPES = YES;
				CLANG_WARN_SUSPICIOUS_MOVE = YES;
				CLANG_WARN_UNGUARDED_AVAILABILITY = YES_AGGRESSIVE;
				CLANG_WARN_UNREACHABLE_CODE = YES;
				CLANG_WARN__DUPLICATE_METHOD_MATCH = YES;
				COPY_PHASE_STRIP = NO;
				DEBUG_INFORMATION_FORMAT = dwarf;
				ENABLE_STRICT_OBJC_MSGSEND = YES;
				ENABLE_TESTABILITY = YES;
				GCC_C_LANGUAGE_STANDARD = gnu11;
				GCC_DYNAMIC_NO_PIC = NO;
				GCC_NO_COMMON_BLOCKS = YES;
				GCC_OPTIMIZATION_LEVEL = 0;
				GCC_PREPROCESSOR_DEFINITIONS = (
					"DEBUG=1",
					"$(inherited)",
				);
				GCC_WARN_64_TO_32_BIT_CONVERSION = YES;
				GCC_WARN_ABOUT_RETURN_TYPE = YES_ERROR;
				GCC_WARN_UNDECLARED_SELECTOR = YES;
				GCC_WARN_UNINITIALIZED_AUTOS = YES_AGGRESSIVE;
				GCC_WARN_UNUSED_FUNCTION = YES;
				GCC_WARN_UNUSED_VARIABLE = YES;
				IPHONEOS_DEPLOYMENT_TARGET = 13.2;
				MTL_ENABLE_DEBUG_INFO = INCLUDE_SOURCE;
				MTL_FAST_MATH = YES;
				ONLY_ACTIVE_ARCH = YES;
				SDKROOT = iphoneos;
				SWIFT_ACTIVE_COMPILATION_CONDITIONS = DEBUG;
				SWIFT_OPTIMIZATION_LEVEL = "-Onone";
			};
			name = Debug;
		};
		3D26C82E28DA02900099CF76 /* Release */ = {
			isa = XCBuildConfiguration;
			buildSettings = {
				ALWAYS_SEARCH_USER_PATHS = NO;
				CLANG_ANALYZER_NONNULL = YES;
				CLANG_ANALYZER_NUMBER_OBJECT_CONVERSION = YES_AGGRESSIVE;
				CLANG_CXX_LANGUAGE_STANDARD = "gnu++14";
				CLANG_CXX_LIBRARY = "libc++";
				CLANG_ENABLE_MODULES = YES;
				CLANG_ENABLE_OBJC_ARC = YES;
				CLANG_ENABLE_OBJC_WEAK = YES;
				CLANG_WARN_BLOCK_CAPTURE_AUTORELEASING = YES;
				CLANG_WARN_BOOL_CONVERSION = YES;
				CLANG_WARN_COMMA = YES;
				CLANG_WARN_CONSTANT_CONVERSION = YES;
				CLANG_WARN_DEPRECATED_OBJC_IMPLEMENTATIONS = YES;
				CLANG_WARN_DIRECT_OBJC_ISA_USAGE = YES_ERROR;
				CLANG_WARN_DOCUMENTATION_COMMENTS = YES;
				CLANG_WARN_EMPTY_BODY = YES;
				CLANG_WARN_ENUM_CONVERSION = YES;
				CLANG_WARN_INFINITE_RECURSION = YES;
				CLANG_WARN_INT_CONVERSION = YES;
				CLANG_WARN_NON_LITERAL_NULL_CONVERSION = YES;
				CLANG_WARN_OBJC_IMPLICIT_RETAIN_SELF = YES;
				CLANG_WARN_OBJC_LITERAL_CONVERSION = YES;
				CLANG_WARN_OBJC_ROOT_CLASS = YES_ERROR;
				CLANG_WARN_RANGE_LOOP_ANALYSIS = YES;
				CLANG_WARN_STRICT_PROTOTYPES = YES;
				CLANG_WARN_SUSPICIOUS_MOVE = YES;
				CLANG_WARN_UNGUARDED_AVAILABILITY = YES_AGGRESSIVE;
				CLANG_WARN_UNREACHABLE_CODE = YES;
				CLANG_WARN__DUPLICATE_METHOD_MATCH = YES;
				COPY_PHASE_STRIP = NO;
				DEBUG_INFORMATION_FORMAT = "dwarf-with-dsym";
				ENABLE_NS_ASSERTIONS = NO;
				ENABLE_STRICT_OBJC_MSGSEND = YES;
				GCC_C_LANGUAGE_STANDARD = gnu11;
				GCC_NO_COMMON_BLOCKS = YES;
				GCC_WARN_64_TO_32_BIT_CONVERSION = YES;
				GCC_WARN_ABOUT_RETURN_TYPE = YES_ERROR;
				GCC_WARN_UNDECLARED_SELECTOR = YES;
				GCC_WARN_UNINITIALIZED_AUTOS = YES_AGGRESSIVE;
				GCC_WARN_UNUSED_FUNCTION = YES;
				GCC_WARN_UNUSED_VARIABLE = YES;
				IPHONEOS_DEPLOYMENT_TARGET = 13.2;
				MTL_ENABLE_DEBUG_INFO = NO;
				MTL_FAST_MATH = YES;
				SDKROOT = iphoneos;
				SWIFT_COMPILATION_MODE = wholemodule;
				SWIFT_OPTIMIZATION_LEVEL = "-O";
				VALIDATE_PRODUCT = YES;
			};
			name = Release;
		};
		3D26C83028DA02900099CF76 /* Debug */ = {
			isa = XCBuildConfiguration;
			buildSettings = {
				ASSETCATALOG_COMPILER_APPICON_NAME = AppIcon;
				CODE_SIGN_STYLE = Automatic;
				INFOPLIST_FILE = tableview/Info.plist;
				LD_RUNPATH_SEARCH_PATHS = (
					"$(inherited)",
					"@executable_path/Frameworks",
				);
				PRODUCT_BUNDLE_IDENTIFIER = edu.ulsa.tableview;
				PRODUCT_NAME = "$(TARGET_NAME)";
				SWIFT_VERSION = 5.0;
				TARGETED_DEVICE_FAMILY = "1,2";
			};
			name = Debug;
		};
		3D26C83128DA02900099CF76 /* Release */ = {
			isa = XCBuildConfiguration;
			buildSettings = {
				ASSETCATALOG_COMPILER_APPICON_NAME = AppIcon;
				CODE_SIGN_STYLE = Automatic;
				INFOPLIST_FILE = tableview/Info.plist;
				LD_RUNPATH_SEARCH_PATHS = (
					"$(inherited)",
					"@executable_path/Frameworks",
				);
				PRODUCT_BUNDLE_IDENTIFIER = edu.ulsa.tableview;
				PRODUCT_NAME = "$(TARGET_NAME)";
				SWIFT_VERSION = 5.0;
				TARGETED_DEVICE_FAMILY = "1,2";
			};
			name = Release;
		};
		3D26C83328DA02900099CF76 /* Debug */ = {
			isa = XCBuildConfiguration;
			buildSettings = {
				ALWAYS_EMBED_SWIFT_STANDARD_LIBRARIES = YES;
				BUNDLE_LOADER = "$(TEST_HOST)";
				CODE_SIGN_STYLE = Automatic;
				INFOPLIST_FILE = tableviewTests/Info.plist;
				IPHONEOS_DEPLOYMENT_TARGET = 13.2;
				LD_RUNPATH_SEARCH_PATHS = (
					"$(inherited)",
					"@executable_path/Frameworks",
					"@loader_path/Frameworks",
				);
				PRODUCT_BUNDLE_IDENTIFIER = edu.ulsa.tableviewTests;
				PRODUCT_NAME = "$(TARGET_NAME)";
				SWIFT_VERSION = 5.0;
				TARGETED_DEVICE_FAMILY = "1,2";
				TEST_HOST = "$(BUILT_PRODUCTS_DIR)/tableview.app/tableview";
			};
			name = Debug;
		};
		3D26C83428DA02900099CF76 /* Release */ = {
			isa = XCBuildConfiguration;
			buildSettings = {
				ALWAYS_EMBED_SWIFT_STANDARD_LIBRARIES = YES;
				BUNDLE_LOADER = "$(TEST_HOST)";
				CODE_SIGN_STYLE = Automatic;
				INFOPLIST_FILE = tableviewTests/Info.plist;
				IPHONEOS_DEPLOYMENT_TARGET = 13.2;
				LD_RUNPATH_SEARCH_PATHS = (
					"$(inherited)",
					"@executable_path/Frameworks",
					"@loader_path/Frameworks",
				);
				PRODUCT_BUNDLE_IDENTIFIER = edu.ulsa.tableviewTests;
				PRODUCT_NAME = "$(TARGET_NAME)";
				SWIFT_VERSION = 5.0;
				TARGETED_DEVICE_FAMILY = "1,2";
				TEST_HOST = "$(BUILT_PRODUCTS_DIR)/tableview.app/tableview";
			};
			name = Release;
		};
		3D26C83628DA02900099CF76 /* Debug */ = {
			isa = XCBuildConfiguration;
			buildSettings = {
				ALWAYS_EMBED_SWIFT_STANDARD_LIBRARIES = YES;
				CODE_SIGN_STYLE = Automatic;
				INFOPLIST_FILE = tableviewUITests/Info.plist;
				LD_RUNPATH_SEARCH_PATHS = (
					"$(inherited)",
					"@executable_path/Frameworks",
					"@loader_path/Frameworks",
				);
				PRODUCT_BUNDLE_IDENTIFIER = edu.ulsa.tableviewUITests;
				PRODUCT_NAME = "$(TARGET_NAME)";
				SWIFT_VERSION = 5.0;
				TARGETED_DEVICE_FAMILY = "1,2";
				TEST_TARGET_NAME = tableview;
			};
			name = Debug;
		};
		3D26C83728DA02900099CF76 /* Release */ = {
			isa = XCBuildConfiguration;
			buildSettings = {
				ALWAYS_EMBED_SWIFT_STANDARD_LIBRARIES = YES;
				CODE_SIGN_STYLE = Automatic;
				INFOPLIST_FILE = tableviewUITests/Info.plist;
				LD_RUNPATH_SEARCH_PATHS = (
					"$(inherited)",
					"@executable_path/Frameworks",
					"@loader_path/Frameworks",
				);
				PRODUCT_BUNDLE_IDENTIFIER = edu.ulsa.tableviewUITests;
				PRODUCT_NAME = "$(TARGET_NAME)";
				SWIFT_VERSION = 5.0;
				TARGETED_DEVICE_FAMILY = "1,2";
				TEST_TARGET_NAME = tableview;
			};
			name = Release;
		};
/* End XCBuildConfiguration section */

/* Begin XCConfigurationList section */
		3D26C80028DA028B0099CF76 /* Build configuration list for PBXProject "tableview" */ = {
			isa = XCConfigurationList;
			buildConfigurations = (
				3D26C82D28DA02900099CF76 /* Debug */,
				3D26C82E28DA02900099CF76 /* Release */,
			);
			defaultConfigurationIsVisible = 0;
			defaultConfigurationName = Release;
		};
		3D26C82F28DA02900099CF76 /* Build configuration list for PBXNativeTarget "tableview" */ = {
			isa = XCConfigurationList;
			buildConfigurations = (
				3D26C83028DA02900099CF76 /* Debug */,
				3D26C83128DA02900099CF76 /* Release */,
			);
			defaultConfigurationIsVisible = 0;
			defaultConfigurationName = Release;
		};
		3D26C83228DA02900099CF76 /* Build configuration list for PBXNativeTarget "tableviewTests" */ = {
			isa = XCConfigurationList;
			buildConfigurations = (
				3D26C83328DA02900099CF76 /* Debug */,
				3D26C83428DA02900099CF76 /* Release */,
			);
			defaultConfigurationIsVisible = 0;
			defaultConfigurationName = Release;
		};
		3D26C83528DA02900099CF76 /* Build configuration list for PBXNativeTarget "tableviewUITests" */ = {
			isa = XCConfigurationList;
			buildConfigurations = (
				3D26C83628DA02900099CF76 /* Debug */,
				3D26C83728DA02900099CF76 /* Release */,
			);
			defaultConfigurationIsVisible = 0;
			defaultConfigurationName = Release;
		};
/* End XCConfigurationList section */
	};
	rootObject = 3D26C7FD28DA028B0099CF76 /* Project object */;
}
